
Microsoft Visual Studio Solution File, Format Version 12.00
# Visual Studio Version 17
VisualStudioVersion = 17.7.34202.233
MinimumVisualStudioVersion = 10.0.40219.1
Project("{FAE04EC0-301F-11D3-BF4B-00C04F79EFBC}") = "2302C2firstConsole", "2302C2firstConsole\2302C2firstConsole.csproj", "{F18BD7EE-EC1A-4D99-9927-7B8197A4347D}"
EndProject
Global
	GlobalSection(SolutionConfigurationPlatforms) = preSolution
		Debug|Any CPU = Debug|Any CPU
		Release|Any CPU = Release|Any CPU
	EndGlobalSection
	GlobalSection(ProjectConfigurationPlatforms) = postSolution
		{F18BD7EE-EC1A-4D99-9927-7B8197A4347D}.Debug|Any CPU.ActiveCfg = Debug|Any CPU
		{F18BD7EE-EC1A-4D99-9927-7B8197A4347D}.Debug|Any CPU.Build.0 = Debug|Any CPU
		{F18BD7EE-EC1A-4D99-9927-7B8197A4347D}.Release|Any CPU.ActiveCfg = Release|Any CPU
		{F18BD7EE-EC1A-4D99-9927-7B8197A4347D}.Release|Any CPU.Build.0 = Release|Any CPU
	EndGlobalSection
	GlobalSection(SolutionProperties) = preSolution
		HideSolutionNode = FALSE
	EndGlobalSection
	GlobalSection(ExtensibilityGlobals) = postSolution
		SolutionGuid = {FCC765D0-1ECA-4009-9C16-40F6A1E43D60}
	EndGlobalSection
EndGlobal
